dependencies:
- name: scylla
  repository: https://scylla-operator-charts.storage.googleapis.com/stable
  version: v1.12.1
- name: scylla-operator
  repository: https://scylla-operator-charts.storage.googleapis.com/stable
  version: v1.12.1
- name: scylla-manager
  repository: https://scylla-operator-charts.storage.googleapis.com/stable
  version: v1.12.1
- name: kube-prometheus-stack
  repository: https://prometheus-community.github.io/helm-charts
  version: 58.6.0
- name: operator
  repository: https://charts.redpanda.com
  version: 0.4.23
digest: sha256:c96a50decfa1f6165acec15e0c26691c246f219716dfe75f0bb616fa0f474420
generated: "2024-05-20T16:10:01.49405795-04:00"
